// !$*UTF8*$!
{
	archiveVersion = 1;
	classes = {
	};
	objectVersion = 46;
	objects = {

/* Begin PBXBuildFile section */
		5EECC9C31A686DB500C61A15 /* main.m in Sources */ = {isa = PBXBuildFile; fileRef = 5EECC9C21A686DB500C61A15 /* main.m */; };
		5EECC9C61A686DB500C61A15 /* AppDelegate.m in Sources */ = {isa = PBXBuildFile; fileRef = 5EECC9C51A686DB500C61A15 /* AppDelegate.m */; };
		5EECC9C91A686DB500C61A15 /* ViewController.m in Sources */ = {isa = PBXBuildFile; fileRef = 5EECC9C81A686DB500C61A15 /* ViewController.m */; };
		5EECC9CC1A686DB500C61A15 /* Main.storyboard in Resources */ = {isa = PBXBuildFile; fileRef = 5EECC9CA1A686DB500C61A15 /* Main.storyboard */; };
		5EECC9CE1A686DB500C61A15 /* Images.xcassets in Resources */ = {isa = PBXBuildFile; fileRef = 5EECC9CD1A686DB500C61A15 /* Images.xcassets */; };
		5EECC9D11A686DB500C61A15 /* LaunchScreen.xib in Resources */ = {isa = PBXBuildFile; fileRef = 5EECC9CF1A686DB500C61A15 /* LaunchScreen.xib */; };
		5EECC9DD1A686DB500C61A15 /* CalculatorTests.m in Sources */ = {isa = PBXBuildFile; fileRef = 5EECC9DC1A686DB500C61A15 /* CalculatorTests.m */; };
		5EECC9E81A688E5B00C61A15 /* CalculatorBrain.m in Sources */ = {isa = PBXBuildFile; fileRef = 5EECC9E71A688E5B00C61A15 /* CalculatorBrain.m */; };
/* End PBXBuildFile section */

/* Begin PBXContainerItemProxy section */
		5EECC9D71A686DB500C61A15 /* PBXContainerItemProxy */ = {
			isa = PBXContainerItemProxy;
			containerPortal = 5EECC9B51A686DB400C61A15 /* Project object */;
			proxyType = 1;
			remoteGlobalIDString = 5EECC9BC1A686DB400C61A15;
			remoteInfo = Calculator;
		};
/* End PBXContainerItemProxy section */

/* Begin PBXFileReference section */
		5EECC9BD1A686DB500C61A15 /* Calculator.app */ = {isa = PBXFileReference; explicitFileType = wrapper.application; includeInIndex = 0; path = Calculator.app; sourceTree = BUILT_PRODUCTS_DIR; };
		5EECC9C11A686DB500C61A15 /* Info.plist */ = {isa = PBXFileReference; lastKnownFileType = text.plist.xml; path = Info.plist; sourceTree = "<group>"; };
		5EECC9C21A686DB500C61A15 /* main.m */ = {isa = PBXFileReference; lastKnownFileType = sourcecode.c.objc; path = main.m; sourceTree = "<group>"; };
		5EECC9C41A686DB500C61A15 /* AppDelegate.h */ = {isa = PBXFileReference; lastKnownFileType = sourcecode.c.h; path = AppDelegate.h; sourceTree = "<group>"; };
		5EECC9C51A686DB500C61A15 /* AppDelegate.m */ = {isa = PBXFileReference; lastKnownFileType = sourcecode.c.objc; path = AppDelegate.m; sourceTree = "<group>"; };
		5EECC9C71A686DB500C61A15 /* ViewController.h */ = {isa = PBXFileReference; lastKnownFileType = sourcecode.c.h; path = ViewController.h; sourceTree = "<group>"; };
		5EECC9C81A686DB500C61A15 /* ViewController.m */ = {isa = PBXFileReference; lastKnownFileType = sourcecode.c.objc; path = ViewController.m; sourceTree = "<group>"; };
		5EECC9CB1A686DB500C61A15 /* Base */ = {isa = PBXFileReference; lastKnownFileType = file.storyboard; name = Base; path = Base.lproj/Main.storyboard; sourceTree = "<group>"; };
		5EECC9CD1A686DB500C61A15 /* Images.xcassets */ = {isa = PBXFileReference; lastKnownFileType = folder.assetcatalog; path = Images.xcassets; sourceTree = "<group>"; };
		5EECC9D01A686DB500C61A15 /* Base */ = {isa = PBXFileReference; lastKnownFileType = file.xib; name = Base; path = Base.lproj/LaunchScreen.xib; sourceTree = "<group>"; };
		5EECC9D61A686DB500C61A15 /* CalculatorTests.xctest */ = {isa = PBXFileReference; explicitFileType = wrapper.cfbundle; includeInIndex = 0; path = CalculatorTests.xctest; sourceTree = BUILT_PRODUCTS_DIR; };
		5EECC9DB1A686DB500C61A15 /* Info.plist */ = {isa = PBXFileReference; lastKnownFileType = text.plist.xml; path = Info.plist; sourceTree = "<group>"; };
		5EECC9DC1A686DB500C61A15 /* CalculatorTests.m */ = {isa = PBXFileReference; lastKnownFileType = sourcecode.c.objc; path = CalculatorTests.m; sourceTree = "<group>"; };
		5EECC9E61A688E5B00C61A15 /* CalculatorBrain.h */ = {isa = PBXFileReference; fileEncoding = 4; lastKnownFileType = sourcecode.c.h; path = CalculatorBrain.h; sourceTree = "<group>"; };
		5EECC9E71A688E5B00C61A15 /* CalculatorBrain.m */ = {isa = PBXFileReference; fileEncoding = 4; lastKnownFileType = sourcecode.c.objc; path = CalculatorBrain.m; sourceTree = "<group>"; };
/* End PBXFileReference section */

/* Begin PBXFrameworksBuildPhase section */
		5EECC9BA1A686DB400C61A15 /* Frameworks */ = {
			isa = PBXFrameworksBuildPhase;
			buildActionMask = 2147483647;
			files = (
			);
			runOnlyForDeploymentPostprocessing = 0;
		};
		5EECC9D31A686DB500C61A15 /* Frameworks */ = {
			isa = PBXFrameworksBuildPhase;
			buildActionMask = 2147483647;
			files = (
			);
			runOnlyForDeploymentPostprocessing = 0;
		};
/* End PBXFrameworksBuildPhase section */

/* Begin PBXGroup section */
		5EECC9B41A686DB400C61A15 = {
			isa = PBXGroup;
			children = (
				5EECC9BF1A686DB500C61A15 /* Calculator */,
				5EECC9D91A686DB500C61A15 /* CalculatorTests */,
				5EECC9BE1A686DB500C61A15 /* Products */,
			);
			sourceTree = "<group>";
		};
		5EECC9BE1A686DB500C61A15 /* Products */ = {
			isa = PBXGroup;
			children = (
				5EECC9BD1A686DB500C61A15 /* Calculator.app */,
				5EECC9D61A686DB500C61A15 /* CalculatorTests.xctest */,
			);
			name = Products;
			sourceTree = "<group>";
		};
		5EECC9BF1A686DB500C61A15 /* Calculator */ = {
			isa = PBXGroup;
			children = (
				5EECC9C41A686DB500C61A15 /* AppDelegate.h */,
				5EECC9C51A686DB500C61A15 /* AppDelegate.m */,
				5EECC9C71A686DB500C61A15 /* ViewController.h */,
				5EECC9C81A686DB500C61A15 /* ViewController.m */,
				5EECC9CA1A686DB500C61A15 /* Main.storyboard */,
				5EECC9E61A688E5B00C61A15 /* CalculatorBrain.h */,
				5EECC9E71A688E5B00C61A15 /* CalculatorBrain.m */,
				5EECC9CD1A686DB500C61A15 /* Images.xcassets */,
				5EECC9CF1A686DB500C61A15 /* LaunchScreen.xib */,
				5EECC9C01A686DB500C61A15 /* Supporting Files */,
			);
			path = Calculator;
			sourceTree = "<group>";
		};
		5EECC9C01A686DB500C61A15 /* Supporting Files */ = {
			isa = PBXGroup;
			children = (
				5EECC9C11A686DB500C61A15 /* Info.plist */,
				5EECC9C21A686DB500C61A15 /* main.m */,
			);
			name = "Supporting Files";
			sourceTree = "<group>";
		};
		5EECC9D91A686DB500C61A15 /* CalculatorTests */ = {
			isa = PBXGroup;
			children = (
				5EECC9DC1A686DB500C61A15 /* CalculatorTests.m */,
				5EECC9DA1A686DB500C61A15 /* Supporting Files */,
			);
			path = CalculatorTests;
			sourceTree = "<group>";
		};
		5EECC9DA1A686DB500C61A15 /* Supporting Files */ = {
			isa = PBXGroup;
			children = (
				5EECC9DB1A686DB500C61A15 /* Info.plist */,
			);
			name = "Supporting Files";
			sourceTree = "<group>";
		};
/* End PBXGroup section */

/* Begin PBXNativeTarget section */
		5EECC9BC1A686DB400C61A15 /* Calculator */ = {
			isa = PBXNativeTarget;
			buildConfigurationList = 5EECC9E01A686DB500C61A15 /* Build configuration list for PBXNativeTarget "Calculator" */;
			buildPhases = (
				5EECC9B91A686DB400C61A15 /* Sources */,
				5EECC9BA1A686DB400C61A15 /* Frameworks */,
				5EECC9BB1A686DB400C61A15 /* Resources */,
			);
			buildRules = (
			);
			dependencies = (
			);
			name = Calculator;
			productName = Calculator;
			productReference = 5EECC9BD1A686DB500C61A15 /* Calculator.app */;
			productType = "com.apple.product-type.application";
		};
		5EECC9D51A686DB500C61A15 /* CalculatorTests */ = {
			isa = PBXNativeTarget;
			buildConfigurationList = 5EECC9E31A686DB500C61A15 /* Build configuration list for PBXNativeTarget "CalculatorTests" */;
			buildPhases = (
				5EECC9D21A686DB500C61A15 /* Sources */,
				5EECC9D31A686DB500C61A15 /* Frameworks */,
				5EECC9D41A686DB500C61A15 /* Resources */,
			);
			buildRules = (
			);
			dependencies = (
				5EECC9D81A686DB500C61A15 /* PBXTargetDependency */,
			);
			name = CalculatorTests;
			productName = CalculatorTests;
			productReference = 5EECC9D61A686DB500C61A15 /* CalculatorTests.xctest */;
			productType = "com.apple.product-type.bundle.unit-test";
		};
/* End PBXNativeTarget section */

/* Begin PBXProject section */
		5EECC9B51A686DB400C61A15 /* Project object */ = {
			isa = PBXProject;
			attributes = {
				CLASSPREFIX = Calculator;
				LastUpgradeCheck = 0610;
				ORGANIZATIONNAME = "Kelly Masuda";
				TargetAttributes = {
					5EECC9BC1A686DB400C61A15 = {
						CreatedOnToolsVersion = 6.1.1;
					};
					5EECC9D51A686DB500C61A15 = {
						CreatedOnToolsVersion = 6.1.1;
						TestTargetID = 5EECC9BC1A686DB400C61A15;
					};
				};
			};
			buildConfigurationList = 5EECC9B81A686DB400C61A15 /* Build configuration list for PBXProject "Calculator" */;
			compatibilityVersion = "Xcode 3.2";
			developmentRegion = English;
			hasScannedForEncodings = 0;
			knownRegions = (
				en,
				Base,
			);
			mainGroup = 5EECC9B41A686DB400C61A15;
			productRefGroup = 5EECC9BE1A686DB500C61A15 /* Products */;
			projectDirPath = "";
			projectRoot = "";
			targets = (
				5EECC9BC1A686DB400C61A15 /* Calculator */,
				5EECC9D51A686DB500C61A15 /* CalculatorTests */,
			);
		};
/* End PBXProject section */

/* Begin PBXResourcesBuildPhase section */
		5EECC9BB1A686DB400C61A15 /* Resources */ = {
			isa = PBXResourcesBuildPhase;
			buildActionMask = 2147483647;
			files = (
				5EECC9CC1A686DB500C61A15 /* Main.storyboard in Resources */,
				5EECC9D11A686DB500C61A15 /* LaunchScreen.xib in Resources */,
				5EECC9CE1A686DB500C61A15 /* Images.xcassets in Resources */,
			);
			runOnlyForDeploymentPostprocessing = 0;
		};
		5EECC9D41A686DB500C61A15 /* Resources */ = {
			isa = PBXResourcesBuildPhase;
			buildActionMask = 2147483647;
			files = (
			);
			runOnlyForDeploymentPostprocessing = 0;
		};
/* End PBXResourcesBuildPhase section */

/* Begin PBXSourcesBuildPhase section */
		5EECC9B91A686DB400C61A15 /* Sources */ = {
			isa = PBXSourcesBuildPhase;
			buildActionMask = 2147483647;
			files = (
				5EECC9C91A686DB500C61A15 /* ViewController.m in Sources */,
				5EECC9C61A686DB500C61A15 /* AppDelegate.m in Sources */,
				5EECC9E81A688E5B00C61A15 /* CalculatorBrain.m in Sources */,
				5EECC9C31A686DB500C61A15 /* main.m in Sources */,
			);
			runOnlyForDeploymentPostprocessing = 0;
		};
		5EECC9D21A686DB500C61A15 /* Sources */ = {
			isa = PBXSourcesBuildPhase;
			buildActionMask = 2147483647;
			files = (
				5EECC9DD1A686DB500C61A15 /* CalculatorTests.m in Sources */,
			);
			runOnlyForDeploymentPostprocessing = 0;
		};
/* End PBXSourcesBuildPhase section */

/* Begin PBXTargetDependency section */
		5EECC9D81A686DB500C61A15 /* PBXTargetDependency */ = {
			isa = PBXTargetDependency;
			target = 5EECC9BC1A686DB400C61A15 /* Calculator */;
			targetProxy = 5EECC9D71A686DB500C61A15 /* PBXContainerItemProxy */;
		};
/* End PBXTargetDependency section */

/* Begin PBXVariantGroup section */
		5EECC9CA1A686DB500C61A15 /* Main.storyboard */ = {
			isa = PBXVariantGroup;
			children = (
				5EECC9CB1A686DB500C61A15 /* Base */,
			);
			name = Main.storyboard;
			sourceTree = "<group>";
		};
		5EECC9CF1A686DB500C61A15 /* LaunchScreen.xib */ = {
			isa = PBXVariantGroup;
			children = (
				5EECC9D01A686DB500C61A15 /* Base */,
			);
			name = LaunchScreen.xib;
			sourceTree = "<group>";
		};
/* End PBXVariantGroup section */

/* Begin XCBuildConfiguration section */
		5EECC9DE1A686DB500C61A15 /* Debug */ = {
			isa = XCBuildConfiguration;
			buildSettings = {
				ALWAYS_SEARCH_USER_PATHS = NO;
				CLANG_CXX_LANGUAGE_STANDARD = "gnu++0x";
				CLANG_CXX_LIBRARY = "libc++";
				CLANG_ENABLE_MODULES = YES;
				CLANG_ENABLE_OBJC_ARC = YES;
				CLANG_WARN_BOOL_CONVERSION = YES;
				CLANG_WARN_CONSTANT_CONVERSION = YES;
				CLANG_WARN_DIRECT_OBJC_ISA_USAGE = YES_ERROR;
				CLANG_WARN_EMPTY_BODY = YES;
				CLANG_WARN_ENUM_CONVERSION = YES;
				CLANG_WARN_INT_CONVERSION = YES;
				CLANG_WARN_OBJC_ROOT_CLASS = YES_ERROR;
				CLANG_WARN_UNREACHABLE_CODE = YES;
				CLANG_WARN__DUPLICATE_METHOD_MATCH = YES;
				"CODE_SIGN_IDENTITY[sdk=iphoneos*]" = "iPhone Developer";
				COPY_PHASE_STRIP = NO;
				ENABLE_STRICT_OBJC_MSGSEND = YES;
				GCC_C_LANGUAGE_STANDARD = gnu99;
				GCC_DYNAMIC_NO_PIC = NO;
				GCC_OPTIMIZATION_LEVEL = 0;
				GCC_PREPROCESSOR_DEFINITIONS = (
					"DEBUG=1",
					"$(inherited)",
				);
				GCC_SYMBOLS_PRIVATE_EXTERN = NO;
				GCC_WARN_64_TO_32_BIT_CONVERSION = YES;
				GCC_WARN_ABOUT_RETURN_TYPE = YES_ERROR;
				GCC_WARN_UNDECLARED_SELECTOR = YES;
				GCC_WARN_UNINITIALIZED_AUTOS = YES_AGGRESSIVE;
				GCC_WARN_UNUSED_FUNCTION = YES;
				GCC_WARN_UNUSED_VARIABLE = YES;
				IPHONEOS_DEPLOYMENT_TARGET = 8.1;
				MTL_ENABLE_DEBUG_INFO = YES;
				ONLY_ACTIVE_ARCH = YES;
				SDKROOT = iphoneos;
			};
			name = Debug;
		};
		5EECC9DF1A686DB500C61A15 /* Release */ = {
			isa = XCBuildConfiguration;
			buildSettings = {
				ALWAYS_SEARCH_USER_PATHS = NO;
				CLANG_CXX_LANGUAGE_STANDARD = "gnu++0x";
				CLANG_CXX_LIBRARY = "libc++";
				CLANG_ENABLE_MODULES = YES;
				CLANG_ENABLE_OBJC_ARC = YES;
				CLANG_WARN_BOOL_CONVERSION = YES;
				CLANG_WARN_CONSTANT_CONVERSION = YES;
				CLANG_WARN_DIRECT_OBJC_ISA_USAGE = YES_ERROR;
				CLANG_WARN_EMPTY_BODY = YES;
				CLANG_WARN_ENUM_CONVERSION = YES;
				CLANG_WARN_INT_CONVERSION = YES;
				CLANG_WARN_OBJC_ROOT_CLASS = YES_ERROR;
				CLANG_WARN_UNREACHABLE_CODE = YES;
				CLANG_WARN__DUPLICATE_METHOD_MATCH = YES;
				"CODE_SIGN_IDENTITY[sdk=iphoneos*]" = "iPhone Developer";
				COPY_PHASE_STRIP = YES;
				ENABLE_NS_ASSERTIONS = NO;
				ENABLE_STRICT_OBJC_MSGSEND = YES;
				GCC_C_LANGUAGE_STANDARD = gnu99;
				GCC_WARN_64_TO_32_BIT_CONVERSION = YES;
				GCC_WARN_ABOUT_RETURN_TYPE = YES_ERROR;
				GCC_WARN_UNDECLARED_SELECTOR = YES;
				GCC_WARN_UNINITIALIZED_AUTOS = YES_AGGRESSIVE;
				GCC_WARN_UNUSED_FUNCTION = YES;
				GCC_WARN_UNUSED_VARIABLE = YES;
				IPHONEOS_DEPLOYMENT_TARGET = 8.1;
				MTL_ENABLE_DEBUG_INFO = NO;
				SDKROOT = iphoneos;
				VALIDATE_PRODUCT = YES;
			};
			name = Release;
		};
		5EECC9E11A686DB500C61A15 /* Debug */ = {
			isa = XCBuildConfiguration;
			buildSettings = {
				ASSETCATALOG_COMPILER_APPICON_NAME = AppIcon;
				INFOPLIST_FILE = Calculator/Info.plist;
				LD_RUNPATH_SEARCH_PATHS = "$(inherited) @executable_path/Frameworks";
				PRODUCT_NAME = "$(TARGET_NAME)";
			};
			name = Debug;
		};
		5EECC9E21A686DB500C61A15 /* Release */ = {
			isa = XCBuildConfiguration;
			buildSettings = {
				ASSETCATALOG_COMPILER_APPICON_NAME = AppIcon;
				INFOPLIST_FILE = Calculator/Info.plist;
				LD_RUNPATH_SEARCH_PATHS = "$(inherited) @executable_path/Frameworks";
				PRODUCT_NAME = "$(TARGET_NAME)";
			};
			name = Release;
		};
		5EECC9E41A686DB500C61A15 /* Debug */ = {
			isa = XCBuildConfiguration;
			buildSettings = {
				BUNDLE_LOADER = "$(TEST_HOST)";
				FRAMEWORK_SEARCH_PATHS = (
					"$(SDKROOT)/Developer/Library/Frameworks",
					"$(inherited)",
				);
				GCC_PREPROCESSOR_DEFINITIONS = (
					"DEBUG=1",
					"$(inherited)",
				);
				INFOPLIST_FILE = CalculatorTests/Info.plist;
				LD_RUNPATH_SEARCH_PATHS = "$(inherited) @executable_path/Frameworks @loader_path/Frameworks";
				PRODUCT_NAME = "$(TARGET_NAME)";
				TEST_HOST = "$(BUILT_PRODUCTS_DIR)/Calculator.app/Calculator";
			};
			name = Debug;
		};
		5EECC9E51A686DB500C61A15 /* Release */ = {
			isa = XCBuildConfiguration;
			buildSettings = {
				BUNDLE_LOADER = "$(TEST_HOST)";
				FRAMEWORK_SEARCH_PATHS = (
					"$(SDKROOT)/Developer/Library/Frameworks",
					"$(inherited)",
				);
				INFOPLIST_FILE = CalculatorTests/Info.plist;
				LD_RUNPATH_SEARCH_PATHS = "$(inherited) @executable_path/Frameworks @loader_path/Frameworks";
				PRODUCT_NAME = "$(TARGET_NAME)";
				TEST_HOST = "$(BUILT_PRODUCTS_DIR)/Calculator.app/Calculator";
			};
			name = Release;
		};
/* End XCBuildConfiguration section */

/* Begin XCConfigurationList section */
		5EECC9B81A686DB400C61A15 /* Build configuration list for PBXProject "Calculator" */ = {
			isa = XCConfigurationList;
			buildConfigurations = (
				5EECC9DE1A686DB500C61A15 /* Debug */,
				5EECC9DF1A686DB500C61A15 /* Release */,
			);
			defaultConfigurationIsVisible = 0;
			defaultConfigurationName = Release;
		};
		5EECC9E01A686DB500C61A15 /* Build configuration list for PBXNativeTarget "Calculator" */ = {
			isa = XCConfigurationList;
			buildConfigurations = (
				5EECC9E11A686DB500C61A15 /* Debug */,
				5EECC9E21A686DB500C61A15 /* Release */,
			);
			defaultConfigurationIsVisible = 0;
		};
		5EECC9E31A686DB500C61A15 /* Build configuration list for PBXNativeTarget "CalculatorTests" */ = {
			isa = XCConfigurationList;
			buildConfigurations = (
				5EECC9E41A686DB500C61A15 /* Debug */,
				5EECC9E51A686DB500C61A15 /* Release */,
			);
			defaultConfigurationIsVisible = 0;
		};
/* End XCConfigurationList section */
	};
	rootObject = 5EECC9B51A686DB400C61A15 /* Project object */;
}
